
Microsoft Visual Studio Solution File, Format Version 12.00
# Visual Studio Version 16
VisualStudioVersion = 16.0.29905.134
MinimumVisualStudioVersion = 10.0.40219.1
Project("{FAE04EC0-301F-11D3-BF4B-00C04F79EFBC}") = "WebApplication1", "WebApplication1.csproj", "{EC3A12DB-2E40-4F4E-876A-FFB3F3068FE9}"
EndProject
Global
	GlobalSection(SolutionConfigurationPlatforms) = preSolution
		Debug|Any CPU = Debug|Any CPU
		Release|Any CPU = Release|Any CPU
	EndGlobalSection
	GlobalSection(ProjectConfigurationPlatforms) = postSolution
		{EC3A12DB-2E40-4F4E-876A-FFB3F3068FE9}.Debug|Any CPU.ActiveCfg = Debug|Any CPU
		{EC3A12DB-2E40-4F4E-876A-FFB3F3068FE9}.Debug|Any CPU.Build.0 = Debug|Any CPU
		{EC3A12DB-2E40-4F4E-876A-FFB3F3068FE9}.Release|Any CPU.ActiveCfg = Release|Any CPU
		{EC3A12DB-2E40-4F4E-876A-FFB3F3068FE9}.Release|Any CPU.Build.0 = Release|Any CPU
	EndGlobalSection
	GlobalSection(SolutionProperties) = preSolution
		HideSolutionNode = FALSE
	EndGlobalSection
	GlobalSection(ExtensibilityGlobals) = postSolution
		SolutionGuid = {C8BD760B-2B5B-4101-AEBA-3BADA63F7020}
	EndGlobalSection
EndGlobal
